<Solution>
  <Folder Name="/section5_llms/">
    <Project Path="section5_llms/FunctionCall/FunctionCall.csproj" />
    <Project Path="section5_llms/TextCompletion/TextCompletion.csproj" />
    <Project Path="section5_llms/TextCompletion_Ollma/TextCompletion_Ollma.csproj" />
  </Folder>
  <Folder Name="/section6_vectors/">
    <Project Path="section6_vectors/Embeddings/Embeddings.csproj" />
    <Project Path="section6_vectors/VectorSearch/VectorSearch.csproj" />
    <Project Path="section6_vectors/VectorSearch_Ollama/VectorSearch_Ollama.csproj" />
  </Folder>
  <Folder Name="/section7_rag/">
    <Project Path="section7_rag/ChatApp_RAG/ChatApp_RAG.csproj" />
    <Project Path="section7_rag/ChatApp_RAG_Ollama/ChatApp_RAG_Ollama.csproj" />
  </Folder>
  <Folder Name="/section7_rag/ChatApp_RAG_Qdrant/">
    <File Path="section7_rag\ChatApp_RAG_Qdrant\README.md" />
    <Project Path="section7_rag/ChatApp_RAG_Qdrant/ChatApp_RAG_Qdrant.AppHost/ChatApp_RAG_Qdrant.AppHost.csproj" />
    <Project Path="section7_rag/ChatApp_RAG_Qdrant/ChatApp_RAG_Qdrant.ServiceDefaults/ChatApp_RAG_Qdrant.ServiceDefaults.csproj" />
    <Project Path="section7_rag/ChatApp_RAG_Qdrant/ChatApp_RAG_Qdrant.Web/ChatApp_RAG_Qdrant.Web.csproj" />
  </Folder>
  <Folder Name="/section8_vision/">
    <Project Path="section8_vision/ImageAnalysis/ImageAnalysis.csproj" />
    <Project Path="section8_vision/ImageAnalysis_Ollama/ImageAnalysis_Ollama.csproj" />
    <Project Path="section8_vision/TrafficCamAnalysis/TrafficCamAnalysis.csproj" />
  </Folder>
  <Folder Name="/SolutionItems/">
    <File Path="README.md" />
  </Folder>
</Solution>
