<Solution>
  <Folder Name="/section5_llms/">
    <Project Path="section5_llms/FunctionCall/FunctionCall.csproj" />
    <Project Path="section5_llms/TextCompletion/TextCompletion.csproj" />
    <Project Path="section5_llms/TextCompletion_Ollma/TextCompletion_Ollma.csproj" />
  </Folder>
  <Folder Name="/section6_vectors/">
    <Project Path="section6_vectors/Embeddings/Embeddings.csproj" />
    <Project Path="section6_vectors/VectorSearch/VectorSearch.csproj" />
    <Project Path="section6_vectors/VectorSearch_Ollama/VectorSearch_Ollama.csproj" />
  </Folder>
  <Folder Name="/section7_rag/">
    <Project Path="section7_rag/ChatApp_RAG/ChatApp_RAG.csproj" />
  </Folder>
  <Folder Name="/SolutionItems/">
    <File Path="README.md" />
  </Folder>
</Solution>
